
Microsoft Visual Studio Solution File, Format Version 12.00
# Visual Studio Version 17
VisualStudioVersion = 17.1.32319.34
MinimumVisualStudioVersion = 10.0.40219.1
Project("{FAE04EC0-301F-11D3-BF4B-00C04F79EFBC}") = "BeeBot", "BeeBot\BeeBot.csproj", "{EAE86B4C-EE03-4F12-ADF0-CCD4A686599F}"
EndProject
Project("{FAE04EC0-301F-11D3-BF4B-00C04F79EFBC}") = "BeeBot.Shared", "BeeBot.Shared\BeeBot.Shared.csproj", "{F84A0C8C-D43B-48B4-A69B-1148594A8798}"
EndProject
Global
	GlobalSection(SolutionConfigurationPlatforms) = preSolution
		Debug|Any CPU = Debug|Any CPU
		Release|Any CPU = Release|Any CPU
	EndGlobalSection
	GlobalSection(ProjectConfigurationPlatforms) = postSolution
		{EAE86B4C-EE03-4F12-ADF0-CCD4A686599F}.Debug|Any CPU.ActiveCfg = Debug|Any CPU
		{EAE86B4C-EE03-4F12-ADF0-CCD4A686599F}.Debug|Any CPU.Build.0 = Debug|Any CPU
		{EAE86B4C-EE03-4F12-ADF0-CCD4A686599F}.Release|Any CPU.ActiveCfg = Release|Any CPU
		{EAE86B4C-EE03-4F12-ADF0-CCD4A686599F}.Release|Any CPU.Build.0 = Release|Any CPU
		{F84A0C8C-D43B-48B4-A69B-1148594A8798}.Debug|Any CPU.ActiveCfg = Debug|Any CPU
		{F84A0C8C-D43B-48B4-A69B-1148594A8798}.Debug|Any CPU.Build.0 = Debug|Any CPU
		{F84A0C8C-D43B-48B4-A69B-1148594A8798}.Release|Any CPU.ActiveCfg = Release|Any CPU
		{F84A0C8C-D43B-48B4-A69B-1148594A8798}.Release|Any CPU.Build.0 = Release|Any CPU
	EndGlobalSection
	GlobalSection(SolutionProperties) = preSolution
		HideSolutionNode = FALSE
	EndGlobalSection
	GlobalSection(ExtensibilityGlobals) = postSolution
		SolutionGuid = {A93226B1-6433-427F-96F3-215505C8186F}
	EndGlobalSection
EndGlobal
